
Microsoft Visual Studio Solution File, Format Version 12.00
# Visual Studio Version 17
VisualStudioVersion = 17.10.35004.147
MinimumVisualStudioVersion = 10.0.40219.1
Project("{FAE04EC0-301F-11D3-BF4B-00C04F79EFBC}") = "BlogDataLibrary", "ClassLibrary1\BlogDataLibrary.csproj", "{2EC9DC3D-64A7-47BC-B4A3-87BFED00317E}"
EndProject
Project("{FAE04EC0-301F-11D3-BF4B-00C04F79EFBC}") = "BlogTestUI", "ConsoleApp1\BlogTestUI.csproj", "{E92ADB85-E1F8-4EDB-BB39-C7344E7FB834}"
EndProject
Project("{00D1A9C2-B5F0-4AF3-8072-F6C62B433612}") = "SepeBlogDB", "Database1\SepeBlogDB.sqlproj", "{0C0D086E-33CD-40AB-B84D-C9C446E4A3ED}"
EndProject
Global
	GlobalSection(SolutionConfigurationPlatforms) = preSolution
		Debug|Any CPU = Debug|Any CPU
		Release|Any CPU = Release|Any CPU
	EndGlobalSection
	GlobalSection(ProjectConfigurationPlatforms) = postSolution
		{2EC9DC3D-64A7-47BC-B4A3-87BFED00317E}.Debug|Any CPU.ActiveCfg = Debug|Any CPU
		{2EC9DC3D-64A7-47BC-B4A3-87BFED00317E}.Debug|Any CPU.Build.0 = Debug|Any CPU
		{2EC9DC3D-64A7-47BC-B4A3-87BFED00317E}.Release|Any CPU.ActiveCfg = Release|Any CPU
		{2EC9DC3D-64A7-47BC-B4A3-87BFED00317E}.Release|Any CPU.Build.0 = Release|Any CPU
		{E92ADB85-E1F8-4EDB-BB39-C7344E7FB834}.Debug|Any CPU.ActiveCfg = Debug|Any CPU
		{E92ADB85-E1F8-4EDB-BB39-C7344E7FB834}.Debug|Any CPU.Build.0 = Debug|Any CPU
		{E92ADB85-E1F8-4EDB-BB39-C7344E7FB834}.Release|Any CPU.ActiveCfg = Release|Any CPU
		{E92ADB85-E1F8-4EDB-BB39-C7344E7FB834}.Release|Any CPU.Build.0 = Release|Any CPU
		{0C0D086E-33CD-40AB-B84D-C9C446E4A3ED}.Debug|Any CPU.ActiveCfg = Debug|Any CPU
		{0C0D086E-33CD-40AB-B84D-C9C446E4A3ED}.Debug|Any CPU.Build.0 = Debug|Any CPU
		{0C0D086E-33CD-40AB-B84D-C9C446E4A3ED}.Debug|Any CPU.Deploy.0 = Debug|Any CPU
		{0C0D086E-33CD-40AB-B84D-C9C446E4A3ED}.Release|Any CPU.ActiveCfg = Release|Any CPU
		{0C0D086E-33CD-40AB-B84D-C9C446E4A3ED}.Release|Any CPU.Build.0 = Release|Any CPU
		{0C0D086E-33CD-40AB-B84D-C9C446E4A3ED}.Release|Any CPU.Deploy.0 = Release|Any CPU
	EndGlobalSection
	GlobalSection(SolutionProperties) = preSolution
		HideSolutionNode = FALSE
	EndGlobalSection
	GlobalSection(ExtensibilityGlobals) = postSolution
		SolutionGuid = {D3E427A9-8970-4134-A249-4D21BB908649}
	EndGlobalSection
EndGlobal
